
Microsoft Visual Studio Solution File, Format Version 12.00
# Visual Studio Version 16
VisualStudioVersion = 16.0.810.11
MinimumVisualStudioVersion = 10.0.40219.1
Project("{FAE04EC0-301F-11D3-BF4B-00C04F79EFBC}") = "jwt-example", "jwt-example\jwt-example.csproj", "{5EB2D939-1AC9-42A7-AFE2-FD01E7902D4F}"
EndProject
Global
	GlobalSection(SolutionConfigurationPlatforms) = preSolution
		Debug|Any CPU = Debug|Any CPU
		Release|Any CPU = Release|Any CPU
	EndGlobalSection
	GlobalSection(ProjectConfigurationPlatforms) = postSolution
		{5EB2D939-1AC9-42A7-AFE2-FD01E7902D4F}.Debug|Any CPU.ActiveCfg = Debug|Any CPU
		{5EB2D939-1AC9-42A7-AFE2-FD01E7902D4F}.Debug|Any CPU.Build.0 = Debug|Any CPU
		{5EB2D939-1AC9-42A7-AFE2-FD01E7902D4F}.Release|Any CPU.ActiveCfg = Release|Any CPU
		{5EB2D939-1AC9-42A7-AFE2-FD01E7902D4F}.Release|Any CPU.Build.0 = Release|Any CPU
	EndGlobalSection
	GlobalSection(SolutionProperties) = preSolution
		HideSolutionNode = FALSE
	EndGlobalSection
	GlobalSection(ExtensibilityGlobals) = postSolution
		SolutionGuid = {23ED8832-0CC0-469B-B530-CB78D12DF323}
	EndGlobalSection
EndGlobal
